
Microsoft Visual Studio Solution File, Format Version 12.00
# Visual Studio Version 17
VisualStudioVersion = 17.12.35707.178 d17.12
MinimumVisualStudioVersion = 10.0.40219.1
Project("{FAE04EC0-301F-11D3-BF4B-00C04F79EFBC}") = "Self Task-3", "Self Task-3.csproj", "{522992BF-2D00-4423-8A4F-FC3CD3989D89}"
EndProject
Global
	GlobalSection(SolutionConfigurationPlatforms) = preSolution
		Debug|Any CPU = Debug|Any CPU
		Release|Any CPU = Release|Any CPU
	EndGlobalSection
	GlobalSection(ProjectConfigurationPlatforms) = postSolution
		{522992BF-2D00-4423-8A4F-FC3CD3989D89}.Debug|Any CPU.ActiveCfg = Debug|Any CPU
		{522992BF-2D00-4423-8A4F-FC3CD3989D89}.Debug|Any CPU.Build.0 = Debug|Any CPU
		{522992BF-2D00-4423-8A4F-FC3CD3989D89}.Release|Any CPU.ActiveCfg = Release|Any CPU
		{522992BF-2D00-4423-8A4F-FC3CD3989D89}.Release|Any CPU.Build.0 = Release|Any CPU
	EndGlobalSection
	GlobalSection(SolutionProperties) = preSolution
		HideSolutionNode = FALSE
	EndGlobalSection
EndGlobal
